lockfileVersion: '9.0'

settings:
  autoInstallPeers: true
  excludeLinksFromLockfile: false

importers:

  .:
    dependencies:
      '@discordjs/builders':
        specifier: 0.8.2
        version: 0.8.2
      '@discordjs/rest':
        specifier: 0.1.0-canary.0
        version: 0.1.0-canary.0
      '@prisma/client':
        specifier: ^3.13.0
        version: 3.15.2(prisma@3.15.2)
      axios:
        specifier: ^0.24.0
        version: 0.24.0(debug@2.6.9)
      discord-api-types:
        specifier: ^0.24.0
        version: 0.24.0
      discord.js:
        specifier: ^13.3.1
        version: 13.3.1
    devDependencies:
      prisma:
        specifier: ^3.13.0
        version: 3.15.2

packages:

  '@discordjs/builders@0.8.2':
    resolution: {integrity: sha512-/YRd11SrcluqXkKppq/FAVzLIPRVlIVmc6X8ZklspzMIHDtJ+A4W37D43SHvLdH//+NnK+SHW/WeOF4Ts54PeQ==}
    engines: {node: '>=16.0.0', npm: '>=7.0.0'}
    deprecated: no longer supported

  '@discordjs/collection@0.1.6':
    resolution: {integrity: sha512-utRNxnd9kSS2qhyivo9lMlt5qgAUasH2gb7BEOn6p0efFh24gjGomHzWKMAPn2hEReOPQZCJaRKoURwRotKucQ==}
    deprecated: no longer supported

  '@discordjs/collection@0.3.2':
    resolution: {integrity: sha512-dMjLl60b2DMqObbH1MQZKePgWhsNe49XkKBZ0W5Acl5uVV43SN414i2QfZwRI7dXAqIn8pEWD2+XXQFn9KWxqg==}
    engines: {node: '>=16.0.0', npm: '>=7.0.0'}
    deprecated: no longer supported

  '@discordjs/form-data@3.0.1':
    resolution: {integrity: sha512-ZfFsbgEXW71Rw/6EtBdrP5VxBJy4dthyC0tpQKGKmYFImlmmrykO14Za+BiIVduwjte0jXEBlhSKf0MWbFp9Eg==}
    engines: {node: '>= 6'}
    deprecated: Package no longer supported. Contact Support at https://www.npmjs.com/support for more info.

  '@discordjs/rest@0.1.0-canary.0':
    resolution: {integrity: sha512-d+s//ISYVV+e0w/926wMEeO7vju+Pn11x1JM4tcmVMCHSDgpi6pnFCNAXF1TEdnDcy7xf9tq5cf2pQkb/7ySTQ==}
    engines: {node: '>=16.0.0'}
    deprecated: no longer supported

  '@prisma/client@3.15.2':
    resolution: {integrity: sha512-ErqtwhX12ubPhU4d++30uFY/rPcyvjk+mdifaZO5SeM21zS3t4jQrscy8+6IyB0GIYshl5ldTq6JSBo1d63i8w==}
    engines: {node: '>=12.6'}
    peerDependencies:
      prisma: '*'
    peerDependenciesMeta:
      prisma:
        optional: true

  '@prisma/engines-version@3.15.1-1.461d6a05159055555eb7dfb337c9fb271cbd4d7e':
    resolution: {integrity: sha512-e3k2Vd606efd1ZYy2NQKkT4C/pn31nehyLhVug6To/q8JT8FpiMrDy7zmm3KLF0L98NOQQcutaVtAPhzKhzn9w==}

  '@prisma/engines@3.15.1-1.461d6a05159055555eb7dfb337c9fb271cbd4d7e':
    resolution: {integrity: sha512-NHlojO1DFTsSi3FtEleL9QWXeSF/UjhCW0fgpi7bumnNZ4wj/eQ+BJJ5n2pgoOliTOGv9nX2qXvmHap7rJMNmg==}

  '@sapphire/async-queue@1.1.9':
    resolution: {integrity: sha512-CbXaGwwlEMq+l1TRu01FJCvySJ1CEFKFclHT48nIfNeZXaAAmmwwy7scUKmYHPUa3GhoMp6Qr1B3eAJux6XgOQ==}
    engines: {node: '>=v14.0.0', npm: '>=7.0.0'}

  '@sapphire/snowflake@1.3.6':
    resolution: {integrity: sha512-QnzuLp+p9D7agynVub/zqlDVriDza9y3STArBhNiNBUgIX8+GL5FpQxstRfw1jDr5jkZUjcuKYAHxjIuXKdJAg==}
    engines: {node: '>=12', npm: '>=6'}
    deprecated: This version has been automatically deprecated by @favware/npm-deprecate. Please use a newer version.

  '@sindresorhus/is@4.2.0':
    resolution: {integrity: sha512-VkE3KLBmJwcCaVARtQpfuKcKv8gcBmUubrfHGF84dXuuW6jgsRYxPtzcIhPyK9WAPpRt2/xY6zkD9MnRaJzSyw==}
    engines: {node: '>=10'}

  '@types/node-fetch@2.5.12':
    resolution: {integrity: sha512-MKgC4dlq4kKNa/mYrwpKfzQMB5X3ee5U6fSprkKpToBqBmX4nFZL9cW5jl6sWn+xpRJ7ypWh2yyqqr8UUCstSw==}

  '@types/node@16.11.10':
    resolution: {integrity: sha512-3aRnHa1KlOEEhJ6+CvyHKK5vE9BcLGjtUpwvqYLRvYNQKMfabu3BwfJaA/SLW8dxe28LsNDjtHwePTuzn3gmOA==}

  '@types/ws@8.2.0':
    resolution: {integrity: sha512-cyeefcUCgJlEk+hk2h3N+MqKKsPViQgF5boi9TTHSK+PoR9KWBb/C5ccPcDyAqgsbAYHTwulch725DV84+pSpg==}

  abort-controller@3.0.0:
    resolution: {integrity: sha512-h8lQ8tacZYnR3vNQTgibj+tODHI5/+l06Au2Pcriv/Gmet0eaj4TwWH41sO9wnHDiQsEj19q0drzdWdeAHtweg==}
    engines: {node: '>=6.5'}

  asynckit@0.4.0:
    resolution: {integrity: sha512-Oei9OH4tRh0YqU3GxhX79dM/mwVgvbZJaSNaRk+bshkj0S5cfHcgYakreBjrHwatXKbz+IoIdYLxrKim2MjW0Q==}

  axios@0.24.0:
    resolution: {integrity: sha512-Q6cWsys88HoPgAaFAVUb0WpPk0O8iTeisR9IMqy9G8AbO4NlpVknrnQS03zzF9PGAWgO3cgletO3VjV/P7VztA==}

  callsites@3.1.0:
    resolution: {integrity: sha512-P8BjAsXvZS+VIDUI11hHCQEv74YT67YUi5JJFNWIqL235sBmjX4+qx9Muvls5ivyNENctx46xQLQ3aTuE7ssaQ==}
    engines: {node: '>=6'}

  combined-stream@1.0.8:
    resolution: {integrity: sha512-FQN4MRfuJeHf7cBbBMJFXhKSDq+2kAArBlmRBvcvFE5BB1HZKXtSFASDhdlz9zOYwxh8lDdnvmMOe/+5cdoEdg==}
    engines: {node: '>= 0.8'}

  debug@2.6.9:
    resolution: {integrity: sha512-bC7ElrdJaJnPbAP+1EotYvqZsb3ecl5wi6Bfi6BJTUcNowp6cvspg0jXznRTKDjm/E7AdgFBVeAPVMNcKGsHMA==}
    peerDependencies:
      supports-color: '*'
    peerDependenciesMeta:
      supports-color:
        optional: true

  delayed-stream@1.0.0:
    resolution: {integrity: sha512-ZySD7Nf91aLB0RxL4KGrKHBXl7Eds1DAmEdcoVawXnLD7SDhpNgtuII2aAkg7a7QS41jxPSZ17p4VdGnMHk3MQ==}
    engines: {node: '>=0.4.0'}

  discord-api-types@0.18.1:
    resolution: {integrity: sha512-hNC38R9ZF4uaujaZQtQfm5CdQO58uhdkoHQAVvMfIL0LgOSZeW575W8H6upngQOuoxWd8tiRII3LLJm9zuQKYg==}
    engines: {node: '>=12'}
    deprecated: No longer supported. Install the latest release (0.20.2)

  discord-api-types@0.24.0:
    resolution: {integrity: sha512-X0uA2a92cRjowUEXpLZIHWl4jiX1NsUpDhcEOpa1/hpO1vkaokgZ8kkPtPih9hHth5UVQ3mHBu/PpB4qjyfJ4A==}
    engines: {node: '>=12'}
    deprecated: No longer supported. Install the latest release!

  discord.js@13.3.1:
    resolution: {integrity: sha512-zn4G8tL5+tMV00+0aSsVYNYcIfMSdT2g0nudKny+Ikd+XKv7m6bqI7n3Vji0GIRqXDr5ArPaw+iYFM2I1Iw3vg==}
    engines: {node: '>=16.6.0', npm: '>=7.0.0'}
    deprecated: Hard crashes on interactions with a channel in the payload, use 13.14.0 and up

  dot-prop@6.0.1:
    resolution: {integrity: sha512-tE7ztYzXHIeyvc7N+hR3oi7FIbf/NIjVP9hmAt3yMXzrQ072/fpjGLx2GxNxGxUl5V73MEqYzioOMoVhGMJ5cA==}
    engines: {node: '>=10'}

  event-target-shim@5.0.1:
    resolution: {integrity: sha512-i/2XbnSz/uxRCU6+NdVJgKWDTM427+MqYbkQzD321DuCQJUqOuJKIA0IM2+W2xtYHdKOmZ4dR6fExsd4SXL+WQ==}
    engines: {node: '>=6'}

  follow-redirects@1.14.5:
    resolution: {integrity: sha512-wtphSXy7d4/OR+MvIFbCVBDzZ5520qV8XfPklSN5QtxuMUJZ+b0Wnst1e1lCDocfzuCkHqj8k0FpZqO+UIaKNA==}
    engines: {node: '>=4.0'}
    peerDependencies:
      debug: '*'
    peerDependenciesMeta:
      debug:
        optional: true

  form-data@3.0.1:
    resolution: {integrity: sha512-RHkBKtLWUVwd7SqRIvCZMEvAMoGUp0XU+seQiZejj0COz3RI3hWP4sCv3gZWWLjJTd7rGwcsF5eKZGii0r/hbg==}
    engines: {node: '>= 6'}

  form-data@4.0.0:
    resolution: {integrity: sha512-ETEklSGi5t0QMZuiXoA/Q6vcnxcLQP5vdugSpuAyi6SVGi2clPPp+xgEhuMaHC+zGgn31Kd235W35f7Hykkaww==}
    engines: {node: '>= 6'}

  is-obj@2.0.0:
    resolution: {integrity: sha512-drqDG3cbczxxEJRoOXcOjtdp1J/lyp1mNn0xaznRs8+muBhgQcrnbspox5X5fOw0HnMnbfDzvnEMEtqDEJEo8w==}
    engines: {node: '>=8'}

  lodash.isequal@4.5.0:
    resolution: {integrity: sha512-pDo3lu8Jhfjqls6GkMgpahsF9kCyayhgykjyLMNFTKWrpVdAQtYyB4muAMWozBB4ig/dtWAmsMxLEI8wuz+DYQ==}
    deprecated: This package is deprecated. Use require('node:util').isDeepStrictEqual instead.

  mime-db@1.51.0:
    resolution: {integrity: sha512-5y8A56jg7XVQx2mbv1lu49NR4dokRnhZYTtL+KGfaa27uq4pSTXkwQkFJl4pkRMyNFz/EtYDSkiiEHx3F7UN6g==}
    engines: {node: '>= 0.6'}

  mime-types@2.1.34:
    resolution: {integrity: sha512-6cP692WwGIs9XXdOO4++N+7qjqv0rqxxVvJ3VHPh/Sc9mVZcQP+ZGhkKiTvWMQRr2tbHkJP/Yn7Y0npb3ZBs4A==}
    engines: {node: '>= 0.6'}

  ms@2.0.0:
    resolution: {integrity: sha512-Tpp60P6IUJDTuOq/5Z8cdskzJujfwqfOTkrwIwj7IRISpnkJnT6SyJ4PCPnGMoFjC9ddhal5KVIYtAt97ix05A==}

  node-fetch@2.6.6:
    resolution: {integrity: sha512-Z8/6vRlTUChSdIgMa51jxQ4lrw/Jy5SOW10ObaA47/RElsAN2c5Pn8bTgFGWn/ibwzXTE8qwr1Yzx28vsecXEA==}
    engines: {node: 4.x || >=6.0.0}

  ow@0.27.0:
    resolution: {integrity: sha512-SGnrGUbhn4VaUGdU0EJLMwZWSupPmF46hnTRII7aCLCrqixTAC5eKo8kI4/XXf1eaaI8YEVT+3FeGNJI9himAQ==}
    engines: {node: '>=12'}

  prisma@3.15.2:
    resolution: {integrity: sha512-nMNSMZvtwrvoEQ/mui8L/aiCLZRCj5t6L3yujKpcDhIPk7garp8tL4nMx2+oYsN0FWBacevJhazfXAbV1kfBzA==}
    engines: {node: '>=12.6'}
    hasBin: true

  tr46@0.0.3:
    resolution: {integrity: sha512-N3WMsuqV66lT30CrXNbEjx4GEwlow3v6rr4mCcv6prnfwhS01rkgyFdjPNBYd9br7LpXV1+Emh01fHnq2Gdgrw==}

  ts-mixer@6.0.0:
    resolution: {integrity: sha512-nXIb1fvdY5CBSrDIblLn73NW0qRDk5yJ0Sk1qPBF560OdJfQp9jhl+0tzcY09OZ9U+6GpeoI9RjwoIKFIoB9MQ==}

  tslib@2.3.1:
    resolution: {integrity: sha512-77EbyPPpMz+FRFRuAFlWMtmgUWGe9UOG2Z25NqCwiIjRhOf5iKGuzSe5P2w1laq+FkRy4p+PCuVkJSGkzTEKVw==}

  type-fest@1.4.0:
    resolution: {integrity: sha512-yGSza74xk0UG8k+pLh5oeoYirvIiWo5t0/o3zHHAO2tRDiZcxWP7fywNlXhqb6/r6sWvwi+RsyQMWhVLe4BVuA==}
    engines: {node: '>=10'}

  vali-date@1.0.0:
    resolution: {integrity: sha512-sgECfZthyaCKW10N0fm27cg8HYTFK5qMWgypqkXMQ4Wbl/zZKx7xZICgcoxIIE+WFAP/MBL2EFwC/YvLxw3Zeg==}
    engines: {node: '>=0.10.0'}

  webidl-conversions@3.0.1:
    resolution: {integrity: sha512-2JAn3z8AR6rjK8Sm8orRC0h/bcl/DqL7tRPdGZ4I1CjdF+EaMLmYxBHyXuKL849eucPFhvBoxMsflfOb8kxaeQ==}

  whatwg-url@5.0.0:
    resolution: {integrity: sha512-saE57nupxk6v3HY35+jzBwYa0rKSy0XR8JSxZPwgLr7ys0IBzhGviA1/TUGJLmSVqs8pb9AnvICXEuOHLprYTw==}

  ws@8.3.0:
    resolution: {integrity: sha512-Gs5EZtpqZzLvmIM59w4igITU57lrtYVFneaa434VROv4thzJyV6UjIL3D42lslWlI+D4KzLYnxSwtfuiO79sNw==}
    engines: {node: '>=10.0.0'}
    peerDependencies:
      bufferutil: ^4.0.1
      utf-8-validate: ^5.0.2
    peerDependenciesMeta:
      bufferutil:
        optional: true
      utf-8-validate:
        optional: true

snapshots:

  '@discordjs/builders@0.8.2':
    dependencies:
      '@sindresorhus/is': 4.2.0
      discord-api-types: 0.24.0
      ow: 0.27.0
      ts-mixer: 6.0.0
      tslib: 2.3.1

  '@discordjs/collection@0.1.6': {}

  '@discordjs/collection@0.3.2': {}

  '@discordjs/form-data@3.0.1':
    dependencies:
      asynckit: 0.4.0
      combined-stream: 1.0.8
      mime-types: 2.1.34

  '@discordjs/rest@0.1.0-canary.0':
    dependencies:
      '@discordjs/collection': 0.1.6
      '@sapphire/async-queue': 1.1.9
      '@sapphire/snowflake': 1.3.6
      abort-controller: 3.0.0
      discord-api-types: 0.18.1
      form-data: 4.0.0
      node-fetch: 2.6.6
      tslib: 2.3.1

  '@prisma/client@3.15.2(prisma@3.15.2)':
    dependencies:
      '@prisma/engines-version': 3.15.1-1.461d6a05159055555eb7dfb337c9fb271cbd4d7e
    optionalDependencies:
      prisma: 3.15.2

  '@prisma/engines-version@3.15.1-1.461d6a05159055555eb7dfb337c9fb271cbd4d7e': {}

  '@prisma/engines@3.15.1-1.461d6a05159055555eb7dfb337c9fb271cbd4d7e': {}

  '@sapphire/async-queue@1.1.9': {}

  '@sapphire/snowflake@1.3.6': {}

  '@sindresorhus/is@4.2.0': {}

  '@types/node-fetch@2.5.12':
    dependencies:
      '@types/node': 16.11.10
      form-data: 3.0.1

  '@types/node@16.11.10': {}

  '@types/ws@8.2.0':
    dependencies:
      '@types/node': 16.11.10

  abort-controller@3.0.0:
    dependencies:
      event-target-shim: 5.0.1

  asynckit@0.4.0: {}

  axios@0.24.0(debug@2.6.9):
    dependencies:
      follow-redirects: 1.14.5(debug@2.6.9)
    transitivePeerDependencies:
      - debug

  callsites@3.1.0: {}

  combined-stream@1.0.8:
    dependencies:
      delayed-stream: 1.0.0

  debug@2.6.9:
    dependencies:
      ms: 2.0.0
    optional: true

  delayed-stream@1.0.0: {}

  discord-api-types@0.18.1: {}

  discord-api-types@0.24.0: {}

  discord.js@13.3.1:
    dependencies:
      '@discordjs/builders': 0.8.2
      '@discordjs/collection': 0.3.2
      '@discordjs/form-data': 3.0.1
      '@sapphire/async-queue': 1.1.9
      '@types/node-fetch': 2.5.12
      '@types/ws': 8.2.0
      discord-api-types: 0.24.0
      node-fetch: 2.6.6
      ws: 8.3.0
    transitivePeerDependencies:
      - bufferutil
      - utf-8-validate

  dot-prop@6.0.1:
    dependencies:
      is-obj: 2.0.0

  event-target-shim@5.0.1: {}

  follow-redirects@1.14.5(debug@2.6.9):
    optionalDependencies:
      debug: 2.6.9

  form-data@3.0.1:
    dependencies:
      asynckit: 0.4.0
      combined-stream: 1.0.8
      mime-types: 2.1.34

  form-data@4.0.0:
    dependencies:
      asynckit: 0.4.0
      combined-stream: 1.0.8
      mime-types: 2.1.34

  is-obj@2.0.0: {}

  lodash.isequal@4.5.0: {}

  mime-db@1.51.0: {}

  mime-types@2.1.34:
    dependencies:
      mime-db: 1.51.0

  ms@2.0.0:
    optional: true

  node-fetch@2.6.6:
    dependencies:
      whatwg-url: 5.0.0

  ow@0.27.0:
    dependencies:
      '@sindresorhus/is': 4.2.0
      callsites: 3.1.0
      dot-prop: 6.0.1
      lodash.isequal: 4.5.0
      type-fest: 1.4.0
      vali-date: 1.0.0

  prisma@3.15.2:
    dependencies:
      '@prisma/engines': 3.15.1-1.461d6a05159055555eb7dfb337c9fb271cbd4d7e

  tr46@0.0.3: {}

  ts-mixer@6.0.0: {}

  tslib@2.3.1: {}

  type-fest@1.4.0: {}

  vali-date@1.0.0: {}

  webidl-conversions@3.0.1: {}

  whatwg-url@5.0.0:
    dependencies:
      tr46: 0.0.3
      webidl-conversions: 3.0.1

  ws@8.3.0: {}
